
Microsoft Visual Studio Solution File, Format Version 12.00
# Visual Studio Version 17
VisualStudioVersion = 17.10.35122.118
MinimumVisualStudioVersion = 10.0.40219.1
Project("{FAE04EC0-301F-11D3-BF4B-00C04F79EFBC}") = "ArticleApp", "Article\ArticleApp.csproj", "{193E644D-F968-4E3C-9658-5847515BA1AD}"
EndProject
Global
	GlobalSection(SolutionConfigurationPlatforms) = preSolution
		Debug|Any CPU = Debug|Any CPU
		Release|Any CPU = Release|Any CPU
	EndGlobalSection
	GlobalSection(ProjectConfigurationPlatforms) = postSolution
		{193E644D-F968-4E3C-9658-5847515BA1AD}.Debug|Any CPU.ActiveCfg = Debug|Any CPU
		{193E644D-F968-4E3C-9658-5847515BA1AD}.Debug|Any CPU.Build.0 = Debug|Any CPU
		{193E644D-F968-4E3C-9658-5847515BA1AD}.Release|Any CPU.ActiveCfg = Release|Any CPU
		{193E644D-F968-4E3C-9658-5847515BA1AD}.Release|Any CPU.Build.0 = Release|Any CPU
	EndGlobalSection
	GlobalSection(SolutionProperties) = preSolution
		HideSolutionNode = FALSE
	EndGlobalSection
	GlobalSection(ExtensibilityGlobals) = postSolution
		SolutionGuid = {C3DE3A94-AAA3-4AA2-8CA2-4CAD87D4A051}
	EndGlobalSection
EndGlobal
